
Microsoft Visual Studio Solution File, Format Version 12.00
# Visual Studio Version 16
VisualStudioVersion = 16.0.31402.337
MinimumVisualStudioVersion = 10.0.40219.1
Project("{FAE04EC0-301F-11D3-BF4B-00C04F79EFBC}") = "PSCBlazorExportExcel", "PSCBlazorExportExcel\PSCBlazorExportExcel.csproj", "{11BC18E1-3718-4E8E-80C8-7C765326B083}"
EndProject
Project("{FAE04EC0-301F-11D3-BF4B-00C04F79EFBC}") = "PSCBlazorExportExcel.Api", "..\PSCBlazorExportExcel.Api\PSCBlazorExportExcel.Api.csproj", "{4274055E-FA11-41AB-B30D-9E6DDD92B7B4}"
EndProject
Global
	GlobalSection(SolutionConfigurationPlatforms) = preSolution
		Debug|Any CPU = Debug|Any CPU
		Release|Any CPU = Release|Any CPU
	EndGlobalSection
	GlobalSection(ProjectConfigurationPlatforms) = postSolution
		{11BC18E1-3718-4E8E-80C8-7C765326B083}.Debug|Any CPU.ActiveCfg = Debug|Any CPU
		{11BC18E1-3718-4E8E-80C8-7C765326B083}.Debug|Any CPU.Build.0 = Debug|Any CPU
		{11BC18E1-3718-4E8E-80C8-7C765326B083}.Release|Any CPU.ActiveCfg = Release|Any CPU
		{11BC18E1-3718-4E8E-80C8-7C765326B083}.Release|Any CPU.Build.0 = Release|Any CPU
		{4274055E-FA11-41AB-B30D-9E6DDD92B7B4}.Debug|Any CPU.ActiveCfg = Debug|Any CPU
		{4274055E-FA11-41AB-B30D-9E6DDD92B7B4}.Debug|Any CPU.Build.0 = Debug|Any CPU
		{4274055E-FA11-41AB-B30D-9E6DDD92B7B4}.Release|Any CPU.ActiveCfg = Release|Any CPU
		{4274055E-FA11-41AB-B30D-9E6DDD92B7B4}.Release|Any CPU.Build.0 = Release|Any CPU
	EndGlobalSection
	GlobalSection(SolutionProperties) = preSolution
		HideSolutionNode = FALSE
	EndGlobalSection
	GlobalSection(ExtensibilityGlobals) = postSolution
		SolutionGuid = {692E94E4-95DD-48C2-A8F7-1067C6C1766E}
	EndGlobalSection
EndGlobal
